{
  "name": "mobile",
  "lockfileVersion": 3,
  "requires": true,
  "packages": {
    "": {
      "dependencies": {
        "@react-native-community/netinfo": "^11.4.1",
        "react-native-gesture-handler": "~2.28.0",
        "react-native-reanimated": "~4.1.1",
        "react-native-worklets-core": "^1.6.3"
      }
    },
    "node_modules/@egjs/hammerjs": {
      "version": "2.0.17",
      "resolved": "https://registry.npmjs.org/@egjs/hammerjs/-/hammerjs-2.0.17.tgz",
      "integrity": "sha512-XQsZgjm2EcVUiZQf11UBJQfmZeEmOW8DpI1gsFeln6w0ae0ii4dMQEQ0kjl6DspdWX1aGY1/loyXnP0JS06e/A==",
      "license": "MIT",
      "dependencies": {
        "@types/hammerjs": "^2.0.36"
      },
      "engines": {
        "node": ">=0.8.0"
      }
    },
    "node_modules/@react-native-community/netinfo": {
      "version": "11.4.1",
      "resolved": "https://registry.npmjs.org/@react-native-community/netinfo/-/netinfo-11.4.1.tgz",
      "integrity": "sha512-B0BYAkghz3Q2V09BF88RA601XursIEA111tnc2JOaN7axJWmNefmfjZqw/KdSxKZp7CZUuPpjBmz/WCR9uaHYg==",
      "license": "MIT",
      "peerDependencies": {
        "react-native": ">=0.59"
      }
    },
    "node_modules/@types/hammerjs": {
      "version": "2.0.46",
      "resolved": "https://registry.npmjs.org/@types/hammerjs/-/hammerjs-2.0.46.tgz",
      "integrity": "sha512-ynRvcq6wvqexJ9brDMS4BnBLzmr0e14d6ZJTEShTBWKymQiHwlAyGu0ZPEFI2Fh1U53F7tN9ufClWM5KvqkKOw==",
      "license": "MIT"
    },
    "node_modules/hoist-non-react-statics": {
      "version": "3.3.2",
      "resolved": "https://registry.npmjs.org/hoist-non-react-statics/-/hoist-non-react-statics-3.3.2.tgz",
      "integrity": "sha512-/gGivxi8JPKWNm/W0jSmzcMPpfpPLc3dY/6GxhX2hQ9iGj3aDfklV4ET7NjKpSinLpJ5vafa9iiGIEZg10SfBw==",
      "license": "BSD-3-Clause",
      "dependencies": {
        "react-is": "^16.7.0"
      }
    },
    "node_modules/invariant": {
      "version": "2.2.4",
      "resolved": "https://registry.npmjs.org/invariant/-/invariant-2.2.4.tgz",
      "integrity": "sha512-phJfQVBuaJM5raOpJjSfkiD6BpbCE4Ns//LaXl6wGYtUBY83nWS6Rf9tXm2e8VaK60JEjYldbPif/A2B1C2gNA==",
      "license": "MIT",
      "dependencies": {
        "loose-envify": "^1.0.0"
      }
    },
    "node_modules/js-tokens": {
      "version": "4.0.0",
      "resolved": "https://registry.npmjs.org/js-tokens/-/js-tokens-4.0.0.tgz",
      "integrity": "sha512-RdJUflcE3cUzKiMqQgsCu06FPu9UdIJO0beYbPhHN4k6apgJtifcoCtT9bcxOpYBtpD2kCM6Sbzg4CausW/PKQ==",
      "license": "MIT"
    },
    "node_modules/loose-envify": {
      "version": "1.4.0",
      "resolved": "https://registry.npmjs.org/loose-envify/-/loose-envify-1.4.0.tgz",
      "integrity": "sha512-lyuxPGr/Wfhrlem2CL/UcnUc1zcqKAImBDzukY7Y5F/yQiNdko6+fRLevlw1HgMySw7f611UIY408EtxRSoK3Q==",
      "license": "MIT",
      "dependencies": {
        "js-tokens": "^3.0.0 || ^4.0.0"
      },
      "bin": {
        "loose-envify": "cli.js"
      }
    },
    "node_modules/react-is": {
      "version": "16.13.1",
      "resolved": "https://registry.npmjs.org/react-is/-/react-is-16.13.1.tgz",
      "integrity": "sha512-24e6ynE2H+OKt4kqsOvNd8kBpV65zoxbA4BVsEOB3ARVWQki/DHzaUoC5KuON/BiccDaCCTZBuOcfZs70kR8bQ==",
      "license": "MIT"
    },
    "node_modules/react-native-gesture-handler": {
      "version": "2.28.0",
      "resolved": "https://registry.npmjs.org/react-native-gesture-handler/-/react-native-gesture-handler-2.28.0.tgz",
      "integrity": "sha512-0msfJ1vRxXKVgTgvL+1ZOoYw3/0z1R+Ked0+udoJhyplC2jbVKIJ8Z1bzWdpQRCV3QcQ87Op0zJVE5DhKK2A0A==",
      "license": "MIT",
      "dependencies": {
        "@egjs/hammerjs": "^2.0.17",
        "hoist-non-react-statics": "^3.3.0",
        "invariant": "^2.2.4"
      },
      "peerDependencies": {
        "react": "*",
        "react-native": "*"
      }
    },
    "node_modules/react-native-is-edge-to-edge": {
      "version": "1.2.1",
      "resolved": "https://registry.npmjs.org/react-native-is-edge-to-edge/-/react-native-is-edge-to-edge-1.2.1.tgz",
      "integrity": "sha512-FLbPWl/MyYQWz+KwqOZsSyj2JmLKglHatd3xLZWskXOpRaio4LfEDEz8E/A6uD8QoTHW6Aobw1jbEwK7KMgR7Q==",
      "license": "MIT",
      "peerDependencies": {
        "react": "*",
        "react-native": "*"
      }
    },
    "node_modules/react-native-reanimated": {
      "version": "4.1.6",
      "resolved": "https://registry.npmjs.org/react-native-reanimated/-/react-native-reanimated-4.1.6.tgz",
      "integrity": "sha512-F+ZJBYiok/6Jzp1re75F/9aLzkgoQCOh4yxrnwATa8392RvM3kx+fiXXFvwcgE59v48lMwd9q0nzF1oJLXpfxQ==",
      "license": "MIT",
      "dependencies": {
        "react-native-is-edge-to-edge": "^1.2.1",
        "semver": "7.7.2"
      },
      "peerDependencies": {
        "@babel/core": "^7.0.0-0",
        "react": "*",
        "react-native": "*",
        "react-native-worklets": ">=0.5.0"
      }
    },
    "node_modules/react-native-worklets-core": {
      "version": "1.6.3",
      "resolved": "https://registry.npmjs.org/react-native-worklets-core/-/react-native-worklets-core-1.6.3.tgz",
      "integrity": "sha512-r3Q40XQBccx/iAI5tlyiua+micvO1UGzzUOskNweZUXyfrrE+rb5aqxqruBPqXf90rO+bBiplylLMEAXCLTyGA==",
      "license": "MIT",
      "dependencies": {
        "string-hash-64": "^1.0.3"
      },
      "peerDependencies": {
        "react": "*",
        "react-native": "*"
      }
    },
    "node_modules/semver": {
      "version": "7.7.2",
      "resolved": "https://registry.npmjs.org/semver/-/semver-7.7.2.tgz",
      "integrity": "sha512-RF0Fw+rO5AMf9MAyaRXI4AV0Ulj5lMHqVxxdSgiVbixSCXoEmmX/jk0CuJw4+3SqroYO9VoUh+HcuJivvtJemA==",
      "license": "ISC",
      "bin": {
        "semver": "bin/semver.js"
      },
      "engines": {
        "node": ">=10"
      }
    },
    "node_modules/string-hash-64": {
      "version": "1.0.3",
      "resolved": "https://registry.npmjs.org/string-hash-64/-/string-hash-64-1.0.3.tgz",
      "integrity": "sha512-D5OKWKvDhyVWWn2x5Y9b+37NUllks34q1dCDhk/vYcso9fmhs+Tl3KR/gE4v5UNj2UA35cnX4KdVVGkG1deKqw==",
      "license": "MIT"
    }
  }
}
